// !$*UTF8*$!
{
	archiveVersion = 1;
	classes = {
	};
	objectVersion = 46;
	objects = {

/* Begin PBXBuildFile section */
		508E76001EDEE9A800C5CC3D /* AppDelegate.swift in Sources */ = {isa = PBXBuildFile; fileRef = 508E75FF1EDEE9A800C5CC3D /* AppDelegate.swift */; };
		508E76021EDEE9A800C5CC3D /* ViewController.swift in Sources */ = {isa = PBXBuildFile; fileRef = 508E76011EDEE9A800C5CC3D /* ViewController.swift */; };
		508E76051EDEE9A800C5CC3D /* Main.storyboard in Resources */ = {isa = PBXBuildFile; fileRef = 508E76031EDEE9A800C5CC3D /* Main.storyboard */; };
		508E76071EDEE9A800C5CC3D /* Assets.xcassets in Resources */ = {isa = PBXBuildFile; fileRef = 508E76061EDEE9A800C5CC3D /* Assets.xcassets */; };
		508E760A1EDEE9A800C5CC3D /* LaunchScreen.storyboard in Resources */ = {isa = PBXBuildFile; fileRef = 508E76081EDEE9A800C5CC3D /* LaunchScreen.storyboard */; };
		508E760F1EDEE9A800C5CC3D /* Smile WatchKit App.app in Embed Watch Content */ = {isa = PBXBuildFile; fileRef = 508E760E1EDEE9A800C5CC3D /* Smile WatchKit App.app */; };
		508E76151EDEE9A800C5CC3D /* Interface.storyboard in Resources */ = {isa = PBXBuildFile; fileRef = 508E76131EDEE9A800C5CC3D /* Interface.storyboard */; };
		508E76171EDEE9A900C5CC3D /* Assets.xcassets in Resources */ = {isa = PBXBuildFile; fileRef = 508E76161EDEE9A900C5CC3D /* Assets.xcassets */; };
		508E761E1EDEE9A900C5CC3D /* Smile WatchKit Extension.appex in Embed App Extensions */ = {isa = PBXBuildFile; fileRef = 508E761D1EDEE9A900C5CC3D /* Smile WatchKit Extension.appex */; settings = {ATTRIBUTES = (RemoveHeadersOnCopy, ); }; };
		508E76251EDEE9A900C5CC3D /* InterfaceController.swift in Sources */ = {isa = PBXBuildFile; fileRef = 508E76241EDEE9A900C5CC3D /* InterfaceController.swift */; };
		508E76271EDEE9A900C5CC3D /* ExtensionDelegate.swift in Sources */ = {isa = PBXBuildFile; fileRef = 508E76261EDEE9A900C5CC3D /* ExtensionDelegate.swift */; };
		508E76291EDEE9A900C5CC3D /* NotificationController.swift in Sources */ = {isa = PBXBuildFile; fileRef = 508E76281EDEE9A900C5CC3D /* NotificationController.swift */; };
		508E762B1EDEE9A900C5CC3D /* ComplicationController.swift in Sources */ = {isa = PBXBuildFile; fileRef = 508E762A1EDEE9A900C5CC3D /* ComplicationController.swift */; };
		508E762D1EDEE9A900C5CC3D /* Assets.xcassets in Resources */ = {isa = PBXBuildFile; fileRef = 508E762C1EDEE9A900C5CC3D /* Assets.xcassets */; };
		508E763D1EE2C46C00C5CC3D /* ViewControllerGame.swift in Sources */ = {isa = PBXBuildFile; fileRef = 508E763C1EE2C46C00C5CC3D /* ViewControllerGame.swift */; };
		508E763F1EE2C87300C5CC3D /* 1484.wav in Resources */ = {isa = PBXBuildFile; fileRef = 508E763E1EE2C87300C5CC3D /* 1484.wav */; };
		508E764E1EE433DC00C5CC3D /* WatchConnectivity.framework in Frameworks */ = {isa = PBXBuildFile; fileRef = 508E764D1EE433DC00C5CC3D /* WatchConnectivity.framework */; };
/* End PBXBuildFile section */

/* Begin PBXContainerItemProxy section */
		508E76101EDEE9A800C5CC3D /* PBXContainerItemProxy */ = {
			isa = PBXContainerItemProxy;
			containerPortal = 508E75F41EDEE9A800C5CC3D /* Project object */;
			proxyType = 1;
			remoteGlobalIDString = 508E760D1EDEE9A800C5CC3D;
			remoteInfo = "Smile WatchKit App";
		};
		508E761F1EDEE9A900C5CC3D /* PBXContainerItemProxy */ = {
			isa = PBXContainerItemProxy;
			containerPortal = 508E75F41EDEE9A800C5CC3D /* Project object */;
			proxyType = 1;
			remoteGlobalIDString = 508E761C1EDEE9A900C5CC3D;
			remoteInfo = "Smile WatchKit Extension";
		};
/* End PBXContainerItemProxy section */

/* Begin PBXCopyFilesBuildPhase section */
		508E76341EDEE9A900C5CC3D /* Embed App Extensions */ = {
			isa = PBXCopyFilesBuildPhase;
			buildActionMask = 2147483647;
			dstPath = "";
			dstSubfolderSpec = 13;
			files = (
				508E761E1EDEE9A900C5CC3D /* Smile WatchKit Extension.appex in Embed App Extensions */,
			);
			name = "Embed App Extensions";
			runOnlyForDeploymentPostprocessing = 0;
		};
		508E76381EDEE9A900C5CC3D /* Embed Watch Content */ = {
			isa = PBXCopyFilesBuildPhase;
			buildActionMask = 2147483647;
			dstPath = "$(CONTENTS_FOLDER_PATH)/Watch";
			dstSubfolderSpec = 16;
			files = (
				508E760F1EDEE9A800C5CC3D /* Smile WatchKit App.app in Embed Watch Content */,
			);
			name = "Embed Watch Content";
			runOnlyForDeploymentPostprocessing = 0;
		};
/* End PBXCopyFilesBuildPhase section */

/* Begin PBXFileReference section */
		508E75FC1EDEE9A800C5CC3D /* Smile.app */ = {isa = PBXFileReference; explicitFileType = wrapper.application; includeInIndex = 0; path = Smile.app; sourceTree = BUILT_PRODUCTS_DIR; };
		508E75FF1EDEE9A800C5CC3D /* AppDelegate.swift */ = {isa = PBXFileReference; lastKnownFileType = sourcecode.swift; path = AppDelegate.swift; sourceTree = "<group>"; };
		508E76011EDEE9A800C5CC3D /* ViewController.swift */ = {isa = PBXFileReference; lastKnownFileType = sourcecode.swift; path = ViewController.swift; sourceTree = "<group>"; };
		508E76041EDEE9A800C5CC3D /* Base */ = {isa = PBXFileReference; lastKnownFileType = file.storyboard; name = Base; path = Base.lproj/Main.storyboard; sourceTree = "<group>"; };
		508E76061EDEE9A800C5CC3D /* Assets.xcassets */ = {isa = PBXFileReference; lastKnownFileType = folder.assetcatalog; path = Assets.xcassets; sourceTree = "<group>"; };
		508E76091EDEE9A800C5CC3D /* Base */ = {isa = PBXFileReference; lastKnownFileType = file.storyboard; name = Base; path = Base.lproj/LaunchScreen.storyboard; sourceTree = "<group>"; };
		508E760B1EDEE9A800C5CC3D /* Info.plist */ = {isa = PBXFileReference; lastKnownFileType = text.plist.xml; path = Info.plist; sourceTree = "<group>"; };
		508E760E1EDEE9A800C5CC3D /* Smile WatchKit App.app */ = {isa = PBXFileReference; explicitFileType = wrapper.application; includeInIndex = 0; path = "Smile WatchKit App.app"; sourceTree = BUILT_PRODUCTS_DIR; };
		508E76141EDEE9A800C5CC3D /* Base */ = {isa = PBXFileReference; lastKnownFileType = file.storyboard; name = Base; path = Base.lproj/Interface.storyboard; sourceTree = "<group>"; };
		508E76161EDEE9A900C5CC3D /* Assets.xcassets */ = {isa = PBXFileReference; lastKnownFileType = folder.assetcatalog; path = Assets.xcassets; sourceTree = "<group>"; };
		508E76181EDEE9A900C5CC3D /* Info.plist */ = {isa = PBXFileReference; lastKnownFileType = text.plist.xml; path = Info.plist; sourceTree = "<group>"; };
		508E761D1EDEE9A900C5CC3D /* Smile WatchKit Extension.appex */ = {isa = PBXFileReference; explicitFileType = "wrapper.app-extension"; includeInIndex = 0; path = "Smile WatchKit Extension.appex"; sourceTree = BUILT_PRODUCTS_DIR; };
		508E76231EDEE9A900C5CC3D /* PushNotificationPayload.apns */ = {isa = PBXFileReference; lastKnownFileType = text; path = PushNotificationPayload.apns; sourceTree = "<group>"; };
		508E76241EDEE9A900C5CC3D /* InterfaceController.swift */ = {isa = PBXFileReference; lastKnownFileType = sourcecode.swift; path = InterfaceController.swift; sourceTree = "<group>"; };
		508E76261EDEE9A900C5CC3D /* ExtensionDelegate.swift */ = {isa = PBXFileReference; lastKnownFileType = sourcecode.swift; path = ExtensionDelegate.swift; sourceTree = "<group>"; };
		508E76281EDEE9A900C5CC3D /* NotificationController.swift */ = {isa = PBXFileReference; lastKnownFileType = sourcecode.swift; path = NotificationController.swift; sourceTree = "<group>"; };
		508E762A1EDEE9A900C5CC3D /* ComplicationController.swift */ = {isa = PBXFileReference; lastKnownFileType = sourcecode.swift; path = ComplicationController.swift; sourceTree = "<group>"; };
		508E762C1EDEE9A900C5CC3D /* Assets.xcassets */ = {isa = PBXFileReference; lastKnownFileType = folder.assetcatalog; path = Assets.xcassets; sourceTree = "<group>"; };
		508E762E1EDEE9A900C5CC3D /* Info.plist */ = {isa = PBXFileReference; lastKnownFileType = text.plist.xml; path = Info.plist; sourceTree = "<group>"; };
		508E763C1EE2C46C00C5CC3D /* ViewControllerGame.swift */ = {isa = PBXFileReference; fileEncoding = 4; lastKnownFileType = sourcecode.swift; path = ViewControllerGame.swift; sourceTree = "<group>"; };
		508E763E1EE2C87300C5CC3D /* 1484.wav */ = {isa = PBXFileReference; lastKnownFileType = audio.wav; name = 1484.wav; path = ../../../../Desktop/1484.wav; sourceTree = "<group>"; };
		508E76491EE41EEA00C5CC3D /* Smile.entitlements */ = {isa = PBXFileReference; lastKnownFileType = text.plist.entitlements; path = Smile.entitlements; sourceTree = "<group>"; };
		508E764A1EE41F4800C5CC3D /* Smile WatchKit Extension.entitlements */ = {isa = PBXFileReference; lastKnownFileType = text.plist.entitlements; path = "Smile WatchKit Extension.entitlements"; sourceTree = "<group>"; };
		508E764B1EE41F5200C5CC3D /* Smile WatchKit App.entitlements */ = {isa = PBXFileReference; lastKnownFileType = text.plist.entitlements; path = "Smile WatchKit App.entitlements"; sourceTree = "<group>"; };
		508E764D1EE433DC00C5CC3D /* WatchConnectivity.framework */ = {isa = PBXFileReference; lastKnownFileType = wrapper.framework; name = WatchConnectivity.framework; path = System/Library/Frameworks/WatchConnectivity.framework; sourceTree = SDKROOT; };
/* End PBXFileReference section */

/* Begin PBXFrameworksBuildPhase section */
		508E75F91EDEE9A800C5CC3D /* Frameworks */ = {
			isa = PBXFrameworksBuildPhase;
			buildActionMask = 2147483647;
			files = (
				508E764E1EE433DC00C5CC3D /* WatchConnectivity.framework in Frameworks */,
			);
			runOnlyForDeploymentPostprocessing = 0;
		};
		508E761A1EDEE9A900C5CC3D /* Frameworks */ = {
			isa = PBXFrameworksBuildPhase;
			buildActionMask = 2147483647;
			files = (
			);
			runOnlyForDeploymentPostprocessing = 0;
		};
/* End PBXFrameworksBuildPhase section */

/* Begin PBXGroup section */
		508E75F31EDEE9A800C5CC3D = {
			isa = PBXGroup;
			children = (
				508E75FE1EDEE9A800C5CC3D /* Smile */,
				508E76121EDEE9A800C5CC3D /* Smile WatchKit App */,
				508E76211EDEE9A900C5CC3D /* Smile WatchKit Extension */,
				508E75FD1EDEE9A800C5CC3D /* Products */,
				508E764C1EE433DB00C5CC3D /* Frameworks */,
			);
			sourceTree = "<group>";
		};
		508E75FD1EDEE9A800C5CC3D /* Products */ = {
			isa = PBXGroup;
			children = (
				508E75FC1EDEE9A800C5CC3D /* Smile.app */,
				508E760E1EDEE9A800C5CC3D /* Smile WatchKit App.app */,
				508E761D1EDEE9A900C5CC3D /* Smile WatchKit Extension.appex */,
			);
			name = Products;
			sourceTree = "<group>";
		};
		508E75FE1EDEE9A800C5CC3D /* Smile */ = {
			isa = PBXGroup;
			children = (
				508E76491EE41EEA00C5CC3D /* Smile.entitlements */,
				508E75FF1EDEE9A800C5CC3D /* AppDelegate.swift */,
				508E76011EDEE9A800C5CC3D /* ViewController.swift */,
				508E763C1EE2C46C00C5CC3D /* ViewControllerGame.swift */,
				508E763E1EE2C87300C5CC3D /* 1484.wav */,
				508E76031EDEE9A800C5CC3D /* Main.storyboard */,
				508E76061EDEE9A800C5CC3D /* Assets.xcassets */,
				508E76081EDEE9A800C5CC3D /* LaunchScreen.storyboard */,
				508E760B1EDEE9A800C5CC3D /* Info.plist */,
			);
			path = Smile;
			sourceTree = "<group>";
		};
		508E76121EDEE9A800C5CC3D /* Smile WatchKit App */ = {
			isa = PBXGroup;
			children = (
				508E764B1EE41F5200C5CC3D /* Smile WatchKit App.entitlements */,
				508E76131EDEE9A800C5CC3D /* Interface.storyboard */,
				508E76161EDEE9A900C5CC3D /* Assets.xcassets */,
				508E76181EDEE9A900C5CC3D /* Info.plist */,
			);
			path = "Smile WatchKit App";
			sourceTree = "<group>";
		};
		508E76211EDEE9A900C5CC3D /* Smile WatchKit Extension */ = {
			isa = PBXGroup;
			children = (
				508E764A1EE41F4800C5CC3D /* Smile WatchKit Extension.entitlements */,
				508E76241EDEE9A900C5CC3D /* InterfaceController.swift */,
				508E76261EDEE9A900C5CC3D /* ExtensionDelegate.swift */,
				508E76281EDEE9A900C5CC3D /* NotificationController.swift */,
				508E762A1EDEE9A900C5CC3D /* ComplicationController.swift */,
				508E762C1EDEE9A900C5CC3D /* Assets.xcassets */,
				508E762E1EDEE9A900C5CC3D /* Info.plist */,
				508E76221EDEE9A900C5CC3D /* Supporting Files */,
			);
			path = "Smile WatchKit Extension";
			sourceTree = "<group>";
		};
		508E76221EDEE9A900C5CC3D /* Supporting Files */ = {
			isa = PBXGroup;
			children = (
				508E76231EDEE9A900C5CC3D /* PushNotificationPayload.apns */,
			);
			name = "Supporting Files";
			sourceTree = "<group>";
		};
		508E764C1EE433DB00C5CC3D /* Frameworks */ = {
			isa = PBXGroup;
			children = (
				508E764D1EE433DC00C5CC3D /* WatchConnectivity.framework */,
			);
			name = Frameworks;
			sourceTree = "<group>";
		};
/* End PBXGroup section */

/* Begin PBXNativeTarget section */
		508E75FB1EDEE9A800C5CC3D /* Smile */ = {
			isa = PBXNativeTarget;
			buildConfigurationList = 508E76391EDEE9A900C5CC3D /* Build configuration list for PBXNativeTarget "Smile" */;
			buildPhases = (
				508E75F81EDEE9A800C5CC3D /* Sources */,
				508E75F91EDEE9A800C5CC3D /* Frameworks */,
				508E75FA1EDEE9A800C5CC3D /* Resources */,
				508E76381EDEE9A900C5CC3D /* Embed Watch Content */,
			);
			buildRules = (
			);
			dependencies = (
				508E76111EDEE9A800C5CC3D /* PBXTargetDependency */,
			);
			name = Smile;
			productName = Smile;
			productReference = 508E75FC1EDEE9A800C5CC3D /* Smile.app */;
			productType = "com.apple.product-type.application";
		};
		508E760D1EDEE9A800C5CC3D /* Smile WatchKit App */ = {
			isa = PBXNativeTarget;
			buildConfigurationList = 508E76351EDEE9A900C5CC3D /* Build configuration list for PBXNativeTarget "Smile WatchKit App" */;
			buildPhases = (
				508E760C1EDEE9A800C5CC3D /* Resources */,
				508E76341EDEE9A900C5CC3D /* Embed App Extensions */,
			);
			buildRules = (
			);
			dependencies = (
				508E76201EDEE9A900C5CC3D /* PBXTargetDependency */,
			);
			name = "Smile WatchKit App";
			productName = "Smile WatchKit App";
			productReference = 508E760E1EDEE9A800C5CC3D /* Smile WatchKit App.app */;
			productType = "com.apple.product-type.application.watchapp2";
		};
		508E761C1EDEE9A900C5CC3D /* Smile WatchKit Extension */ = {
			isa = PBXNativeTarget;
			buildConfigurationList = 508E76311EDEE9A900C5CC3D /* Build configuration list for PBXNativeTarget "Smile WatchKit Extension" */;
			buildPhases = (
				508E76191EDEE9A900C5CC3D /* Sources */,
				508E761A1EDEE9A900C5CC3D /* Frameworks */,
				508E761B1EDEE9A900C5CC3D /* Resources */,
			);
			buildRules = (
			);
			dependencies = (
			);
			name = "Smile WatchKit Extension";
			productName = "Smile WatchKit Extension";
			productReference = 508E761D1EDEE9A900C5CC3D /* Smile WatchKit Extension.appex */;
			productType = "com.apple.product-type.watchkit2-extension";
		};
/* End PBXNativeTarget section */

/* Begin PBXProject section */
		508E75F41EDEE9A800C5CC3D /* Project object */ = {
			isa = PBXProject;
			attributes = {
				LastSwiftUpdateCheck = 0830;
				LastUpgradeCheck = 0830;
				ORGANIZATIONNAME = "Maxime Ravau";
				TargetAttributes = {
					508E75FB1EDEE9A800C5CC3D = {
						CreatedOnToolsVersion = 8.3.2;
						DevelopmentTeam = HQJH2FAWDR;
						ProvisioningStyle = Automatic;
						SystemCapabilities = {
							com.apple.ApplicationGroups.iOS = {
								enabled = 1;
							};
						};
					};
					508E760D1EDEE9A800C5CC3D = {
						CreatedOnToolsVersion = 8.3.2;
						DevelopmentTeam = HQJH2FAWDR;
						ProvisioningStyle = Automatic;
						SystemCapabilities = {
							com.apple.ApplicationGroups.iOS = {
								enabled = 0;
							};
						};
					};
					508E761C1EDEE9A900C5CC3D = {
						CreatedOnToolsVersion = 8.3.2;
						DevelopmentTeam = HQJH2FAWDR;
						ProvisioningStyle = Automatic;
						SystemCapabilities = {
							com.apple.ApplicationGroups.iOS = {
								enabled = 1;
							};
						};
					};
				};
			};
			buildConfigurationList = 508E75F71EDEE9A800C5CC3D /* Build configuration list for PBXProject "Smile" */;
			compatibilityVersion = "Xcode 3.2";
			developmentRegion = English;
			hasScannedForEncodings = 0;
			knownRegions = (
				en,
				Base,
			);
			mainGroup = 508E75F31EDEE9A800C5CC3D;
			productRefGroup = 508E75FD1EDEE9A800C5CC3D /* Products */;
			projectDirPath = "";
			projectRoot = "";
			targets = (
				508E75FB1EDEE9A800C5CC3D /* Smile */,
				508E760D1EDEE9A800C5CC3D /* Smile WatchKit App */,
				508E761C1EDEE9A900C5CC3D /* Smile WatchKit Extension */,
			);
		};
/* End PBXProject section */

/* Begin PBXResourcesBuildPhase section */
		508E75FA1EDEE9A800C5CC3D /* Resources */ = {
			isa = PBXResourcesBuildPhase;
			buildActionMask = 2147483647;
			files = (
				508E760A1EDEE9A800C5CC3D /* LaunchScreen.storyboard in Resources */,
				508E763F1EE2C87300C5CC3D /* 1484.wav in Resources */,
				508E76071EDEE9A800C5CC3D /* Assets.xcassets in Resources */,
				508E76051EDEE9A800C5CC3D /* Main.storyboard in Resources */,
			);
			runOnlyForDeploymentPostprocessing = 0;
		};
		508E760C1EDEE9A800C5CC3D /* Resources */ = {
			isa = PBXResourcesBuildPhase;
			buildActionMask = 2147483647;
			files = (
				508E76171EDEE9A900C5CC3D /* Assets.xcassets in Resources */,
				508E76151EDEE9A800C5CC3D /* Interface.storyboard in Resources */,
			);
			runOnlyForDeploymentPostprocessing = 0;
		};
		508E761B1EDEE9A900C5CC3D /* Resources */ = {
			isa = PBXResourcesBuildPhase;
			buildActionMask = 2147483647;
			files = (
				508E762D1EDEE9A900C5CC3D /* Assets.xcassets in Resources */,
			);
			runOnlyForDeploymentPostprocessing = 0;
		};
/* End PBXResourcesBuildPhase section */

/* Begin PBXSourcesBuildPhase section */
		508E75F81EDEE9A800C5CC3D /* Sources */ = {
			isa = PBXSourcesBuildPhase;
			buildActionMask = 2147483647;
			files = (
				508E76021EDEE9A800C5CC3D /* ViewController.swift in Sources */,
				508E76001EDEE9A800C5CC3D /* AppDelegate.swift in Sources */,
				508E763D1EE2C46C00C5CC3D /* ViewControllerGame.swift in Sources */,
			);
			runOnlyForDeploymentPostprocessing = 0;
		};
		508E76191EDEE9A900C5CC3D /* Sources */ = {
			isa = PBXSourcesBuildPhase;
			buildActionMask = 2147483647;
			files = (
				508E76291EDEE9A900C5CC3D /* NotificationController.swift in Sources */,
				508E762B1EDEE9A900C5CC3D /* ComplicationController.swift in Sources */,
				508E76271EDEE9A900C5CC3D /* ExtensionDelegate.swift in Sources */,
				508E76251EDEE9A900C5CC3D /* InterfaceController.swift in Sources */,
			);
			runOnlyForDeploymentPostprocessing = 0;
		};
/* End PBXSourcesBuildPhase section */

/* Begin PBXTargetDependency section */
		508E76111EDEE9A800C5CC3D /* PBXTargetDependency */ = {
			isa = PBXTargetDependency;
			target = 508E760D1EDEE9A800C5CC3D /* Smile WatchKit App */;
			targetProxy = 508E76101EDEE9A800C5CC3D /* PBXContainerItemProxy */;
		};
		508E76201EDEE9A900C5CC3D /* PBXTargetDependency */ = {
			isa = PBXTargetDependency;
			target = 508E761C1EDEE9A900C5CC3D /* Smile WatchKit Extension */;
			targetProxy = 508E761F1EDEE9A900C5CC3D /* PBXContainerItemProxy */;
		};
/* End PBXTargetDependency section */

/* Begin PBXVariantGroup section */
		508E76031EDEE9A800C5CC3D /* Main.storyboard */ = {
			isa = PBXVariantGroup;
			children = (
				508E76041EDEE9A800C5CC3D /* Base */,
			);
			name = Main.storyboard;
			sourceTree = "<group>";
		};
		508E76081EDEE9A800C5CC3D /* LaunchScreen.storyboard */ = {
			isa = PBXVariantGroup;
			children = (
				508E76091EDEE9A800C5CC3D /* Base */,
			);
			name = LaunchScreen.storyboard;
			sourceTree = "<group>";
		};
		508E76131EDEE9A800C5CC3D /* Interface.storyboard */ = {
			isa = PBXVariantGroup;
			children = (
				508E76141EDEE9A800C5CC3D /* Base */,
			);
			name = Interface.storyboard;
			sourceTree = "<group>";
		};
/* End PBXVariantGroup section */

/* Begin XCBuildConfiguration section */
		508E762F1EDEE9A900C5CC3D /* Debug */ = {
			isa = XCBuildConfiguration;
			buildSettings = {
				ALWAYS_SEARCH_USER_PATHS = NO;
				CLANG_ANALYZER_NONNULL = YES;
				CLANG_ANALYZER_NUMBER_OBJECT_CONVERSION = YES_AGGRESSIVE;
				CLANG_CXX_LANGUAGE_STANDARD = "gnu++0x";
				CLANG_CXX_LIBRARY = "libc++";
				CLANG_ENABLE_MODULES = YES;
				CLANG_ENABLE_OBJC_ARC = YES;
				CLANG_WARN_BOOL_CONVERSION = YES;
				CLANG_WARN_CONSTANT_CONVERSION = YES;
				CLANG_WARN_DIRECT_OBJC_ISA_USAGE = YES_ERROR;
				CLANG_WARN_DOCUMENTATION_COMMENTS = YES;
				CLANG_WARN_EMPTY_BODY = YES;
				CLANG_WARN_ENUM_CONVERSION = YES;
				CLANG_WARN_INFINITE_RECURSION = YES;
				CLANG_WARN_INT_CONVERSION = YES;
				CLANG_WARN_OBJC_ROOT_CLASS = YES_ERROR;
				CLANG_WARN_SUSPICIOUS_MOVE = YES;
				CLANG_WARN_UNREACHABLE_CODE = YES;
				CLANG_WARN__DUPLICATE_METHOD_MATCH = YES;
				"CODE_SIGN_IDENTITY[sdk=iphoneos*]" = "iPhone Developer";
				COPY_PHASE_STRIP = NO;
				DEBUG_INFORMATION_FORMAT = dwarf;
				ENABLE_STRICT_OBJC_MSGSEND = YES;
				ENABLE_TESTABILITY = YES;
				GCC_C_LANGUAGE_STANDARD = gnu99;
				GCC_DYNAMIC_NO_PIC = NO;
				GCC_NO_COMMON_BLOCKS = YES;
				GCC_OPTIMIZATION_LEVEL = 0;
				GCC_PREPROCESSOR_DEFINITIONS = (
					"DEBUG=1",
					"$(inherited)",
				);
				GCC_WARN_64_TO_32_BIT_CONVERSION = YES;
				GCC_WARN_ABOUT_RETURN_TYPE = YES_ERROR;
				GCC_WARN_UNDECLARED_SELECTOR = YES;
				GCC_WARN_UNINITIALIZED_AUTOS = YES_AGGRESSIVE;
				GCC_WARN_UNUSED_FUNCTION = YES;
				GCC_WARN_UNUSED_VARIABLE = YES;
				IPHONEOS_DEPLOYMENT_TARGET = 10.3;
				MTL_ENABLE_DEBUG_INFO = YES;
				ONLY_ACTIVE_ARCH = YES;
				SDKROOT = iphoneos;
				SWIFT_ACTIVE_COMPILATION_CONDITIONS = DEBUG;
				SWIFT_OPTIMIZATION_LEVEL = "-Onone";
			};
			name = Debug;
		};
		508E76301EDEE9A900C5CC3D /* Release */ = {
			isa = XCBuildConfiguration;
			buildSettings = {
				ALWAYS_SEARCH_USER_PATHS = NO;
				CLANG_ANALYZER_NONNULL = YES;
				CLANG_ANALYZER_NUMBER_OBJECT_CONVERSION = YES_AGGRESSIVE;
				CLANG_CXX_LANGUAGE_STANDARD = "gnu++0x";
				CLANG_CXX_LIBRARY = "libc++";
				CLANG_ENABLE_MODULES = YES;
				CLANG_ENABLE_OBJC_ARC = YES;
				CLANG_WARN_BOOL_CONVERSION = YES;
				CLANG_WARN_CONSTANT_CONVERSION = YES;
				CLANG_WARN_DIRECT_OBJC_ISA_USAGE = YES_ERROR;
				CLANG_WARN_DOCUMENTATION_COMMENTS = YES;
				CLANG_WARN_EMPTY_BODY = YES;
				CLANG_WARN_ENUM_CONVERSION = YES;
				CLANG_WARN_INFINITE_RECURSION = YES;
				CLANG_WARN_INT_CONVERSION = YES;
				CLANG_WARN_OBJC_ROOT_CLASS = YES_ERROR;
				CLANG_WARN_SUSPICIOUS_MOVE = YES;
				CLANG_WARN_UNREACHABLE_CODE = YES;
				CLANG_WARN__DUPLICATE_METHOD_MATCH = YES;
				"CODE_SIGN_IDENTITY[sdk=iphoneos*]" = "iPhone Developer";
				COPY_PHASE_STRIP = NO;
				DEBUG_INFORMATION_FORMAT = "dwarf-with-dsym";
				ENABLE_NS_ASSERTIONS = NO;
				ENABLE_STRICT_OBJC_MSGSEND = YES;
				GCC_C_LANGUAGE_STANDARD = gnu99;
				GCC_NO_COMMON_BLOCKS = YES;
				GCC_WARN_64_TO_32_BIT_CONVERSION = YES;
				GCC_WARN_ABOUT_RETURN_TYPE = YES_ERROR;
				GCC_WARN_UNDECLARED_SELECTOR = YES;
				GCC_WARN_UNINITIALIZED_AUTOS = YES_AGGRESSIVE;
				GCC_WARN_UNUSED_FUNCTION = YES;
				GCC_WARN_UNUSED_VARIABLE = YES;
				IPHONEOS_DEPLOYMENT_TARGET = 10.3;
				MTL_ENABLE_DEBUG_INFO = NO;
				SDKROOT = iphoneos;
				SWIFT_OPTIMIZATION_LEVEL = "-Owholemodule";
				VALIDATE_PRODUCT = YES;
			};
			name = Release;
		};
		508E76321EDEE9A900C5CC3D /* Debug */ = {
			isa = XCBuildConfiguration;
			buildSettings = {
				ASSETCATALOG_COMPILER_COMPLICATION_NAME = Complication;
				CODE_SIGN_ENTITLEMENTS = "Smile WatchKit Extension/Smile WatchKit Extension.entitlements";
				DEVELOPMENT_TEAM = HQJH2FAWDR;
				INFOPLIST_FILE = "Smile WatchKit Extension/Info.plist";
				LD_RUNPATH_SEARCH_PATHS = "$(inherited) @executable_path/Frameworks @executable_path/../../Frameworks";
				PRODUCT_BUNDLE_IDENTIFIER = com.maximeravau.Smile.watchkitapp.watchkitextension;
				PRODUCT_NAME = "${TARGET_NAME}";
				SDKROOT = watchos;
				SKIP_INSTALL = YES;
				SWIFT_VERSION = 3.0;
				TARGETED_DEVICE_FAMILY = 4;
				WATCHOS_DEPLOYMENT_TARGET = 3.2;
			};
			name = Debug;
		};
		508E76331EDEE9A900C5CC3D /* Release */ = {
			isa = XCBuildConfiguration;
			buildSettings = {
				ASSETCATALOG_COMPILER_COMPLICATION_NAME = Complication;
				CODE_SIGN_ENTITLEMENTS = "Smile WatchKit Extension/Smile WatchKit Extension.entitlements";
				DEVELOPMENT_TEAM = HQJH2FAWDR;
				INFOPLIST_FILE = "Smile WatchKit Extension/Info.plist";
				LD_RUNPATH_SEARCH_PATHS = "$(inherited) @executable_path/Frameworks @executable_path/../../Frameworks";
				PRODUCT_BUNDLE_IDENTIFIER = com.maximeravau.Smile.watchkitapp.watchkitextension;
				PRODUCT_NAME = "${TARGET_NAME}";
				SDKROOT = watchos;
				SKIP_INSTALL = YES;
				SWIFT_VERSION = 3.0;
				TARGETED_DEVICE_FAMILY = 4;
				WATCHOS_DEPLOYMENT_TARGET = 3.2;
			};
			name = Release;
		};
		508E76361EDEE9A900C5CC3D /* Debug */ = {
			isa = XCBuildConfiguration;
			buildSettings = {
				ALWAYS_EMBED_SWIFT_STANDARD_LIBRARIES = YES;
				DEVELOPMENT_TEAM = HQJH2FAWDR;
				IBSC_MODULE = Smile_WatchKit_Extension;
				INFOPLIST_FILE = "Smile WatchKit App/Info.plist";
				PRODUCT_BUNDLE_IDENTIFIER = com.maximeravau.Smile.watchkitapp;
				PRODUCT_NAME = "$(TARGET_NAME)";
				SDKROOT = watchos;
				SKIP_INSTALL = YES;
				SWIFT_VERSION = 3.0;
				TARGETED_DEVICE_FAMILY = 4;
				WATCHOS_DEPLOYMENT_TARGET = 3.2;
			};
			name = Debug;
		};
		508E76371EDEE9A900C5CC3D /* Release */ = {
			isa = XCBuildConfiguration;
			buildSettings = {
				ALWAYS_EMBED_SWIFT_STANDARD_LIBRARIES = YES;
				DEVELOPMENT_TEAM = HQJH2FAWDR;
				IBSC_MODULE = Smile_WatchKit_Extension;
				INFOPLIST_FILE = "Smile WatchKit App/Info.plist";
				PRODUCT_BUNDLE_IDENTIFIER = com.maximeravau.Smile.watchkitapp;
				PRODUCT_NAME = "$(TARGET_NAME)";
				SDKROOT = watchos;
				SKIP_INSTALL = YES;
				SWIFT_VERSION = 3.0;
				TARGETED_DEVICE_FAMILY = 4;
				WATCHOS_DEPLOYMENT_TARGET = 3.2;
			};
			name = Release;
		};
		508E763A1EDEE9A900C5CC3D /* Debug */ = {
			isa = XCBuildConfiguration;
			buildSettings = {
				ASSETCATALOG_COMPILER_APPICON_NAME = Icon;
				CODE_SIGN_ENTITLEMENTS = Smile/Smile.entitlements;
				DEVELOPMENT_TEAM = HQJH2FAWDR;
				INFOPLIST_FILE = Smile/Info.plist;
				LD_RUNPATH_SEARCH_PATHS = "$(inherited) @executable_path/Frameworks";
				PRODUCT_BUNDLE_IDENTIFIER = com.maximeravau.Smile;
				PRODUCT_NAME = "$(TARGET_NAME)";
				SWIFT_VERSION = 3.0;
			};
			name = Debug;
		};
		508E763B1EDEE9A900C5CC3D /* Release */ = {
			isa = XCBuildConfiguration;
			buildSettings = {
				ASSETCATALOG_COMPILER_APPICON_NAME = Icon;
				CODE_SIGN_ENTITLEMENTS = Smile/Smile.entitlements;
				DEVELOPMENT_TEAM = HQJH2FAWDR;
				INFOPLIST_FILE = Smile/Info.plist;
				LD_RUNPATH_SEARCH_PATHS = "$(inherited) @executable_path/Frameworks";
				PRODUCT_BUNDLE_IDENTIFIER = com.maximeravau.Smile;
				PRODUCT_NAME = "$(TARGET_NAME)";
				SWIFT_VERSION = 3.0;
			};
			name = Release;
		};
/* End XCBuildConfiguration section */

/* Begin XCConfigurationList section */
		508E75F71EDEE9A800C5CC3D /* Build configuration list for PBXProject "Smile" */ = {
			isa = XCConfigurationList;
			buildConfigurations = (
				508E762F1EDEE9A900C5CC3D /* Debug */,
				508E76301EDEE9A900C5CC3D /* Release */,
			);
			defaultConfigurationIsVisible = 0;
			defaultConfigurationName = Release;
		};
		508E76311EDEE9A900C5CC3D /* Build configuration list for PBXNativeTarget "Smile WatchKit Extension" */ = {
			isa = XCConfigurationList;
			buildConfigurations = (
				508E76321EDEE9A900C5CC3D /* Debug */,
				508E76331EDEE9A900C5CC3D /* Release */,
			);
			defaultConfigurationIsVisible = 0;
			defaultConfigurationName = Release;
		};
		508E76351EDEE9A900C5CC3D /* Build configuration list for PBXNativeTarget "Smile WatchKit App" */ = {
			isa = XCConfigurationList;
			buildConfigurations = (
				508E76361EDEE9A900C5CC3D /* Debug */,
				508E76371EDEE9A900C5CC3D /* Release */,
			);
			defaultConfigurationIsVisible = 0;
			defaultConfigurationName = Release;
		};
		508E76391EDEE9A900C5CC3D /* Build configuration list for PBXNativeTarget "Smile" */ = {
			isa = XCConfigurationList;
			buildConfigurations = (
				508E763A1EDEE9A900C5CC3D /* Debug */,
				508E763B1EDEE9A900C5CC3D /* Release */,
			);
			defaultConfigurationIsVisible = 0;
			defaultConfigurationName = Release;
		};
/* End XCConfigurationList section */
	};
	rootObject = 508E75F41EDEE9A800C5CC3D /* Project object */;
}
